
Microsoft Visual Studio Solution File, Format Version 11.00
# Visual Studio 2010
Project("{FAE04EC0-301F-11D3-BF4B-00C04F79EFBC}") = "Drision.MVCFrame.UI", "Drision.MVCFrame.UI\Drision.MVCFrame.UI.csproj", "{985F5371-FB0A-4D05-A124-65D2760AE63A}"
EndProject
Project("{FAE04EC0-301F-11D3-BF4B-00C04F79EFBC}") = "Drision.MVCFrame.UI.Tests", "Drision.MVCFrame.UI.Tests\Drision.MVCFrame.UI.Tests.csproj", "{63F389CB-1B7F-4000-A4DD-5CC0347F4DE2}"
EndProject
Project("{2150E333-8FDC-42A3-9474-1A3956D46DE8}") = "BLL", "BLL", "{BF79CAD0-DADA-44FE-9086-35F64401BD5A}"
EndProject
Project("{2150E333-8FDC-42A3-9474-1A3956D46DE8}") = "DAL", "DAL", "{BDDE195D-E4D9-4D8F-99A0-C1B483DD0A3F}"
EndProject
Project("{2150E333-8FDC-42A3-9474-1A3956D46DE8}") = "Model", "Model", "{F8456C78-4764-4A83-8346-5327E0D4EA34}"
EndProject
Project("{2150E333-8FDC-42A3-9474-1A3956D46DE8}") = "Common", "Common", "{37E90182-B666-4781-864B-3645D3F45EFD}"
EndProject
Project("{2150E333-8FDC-42A3-9474-1A3956D46DE8}") = "UI", "UI", "{9A48804C-00E7-4A60-AAFB-21B099DE1E93}"
EndProject
Project("{2150E333-8FDC-42A3-9474-1A3956D46DE8}") = "Test", "Test", "{9D60985B-6E3C-43A1-93FD-B752C8FC9540}"
EndProject
Project("{FAE04EC0-301F-11D3-BF4B-00C04F79EFBC}") = "Drision.MVCFrame.BLL", "Drision.MVCFrame.BLL\Drision.MVCFrame.BLL.csproj", "{26CB8B13-816D-4718-A13C-E77082E5A9D8}"
EndProject
Project("{FAE04EC0-301F-11D3-BF4B-00C04F79EFBC}") = "Drision.MVCFrame.Common", "Drision.MVCFrame.Common\Drision.MVCFrame.Common.csproj", "{163C3CEE-7EAD-4607-8927-EDFC9D9EE87A}"
EndProject
Project("{FAE04EC0-301F-11D3-BF4B-00C04F79EFBC}") = "Drision.MVCFrame.IDAL", "Drision.MVCFrame.IDAL\Drision.MVCFrame.IDAL.csproj", "{547BD5B7-AFE7-475E-8737-20CB763D2E55}"
EndProject
Project("{FAE04EC0-301F-11D3-BF4B-00C04F79EFBC}") = "Drision.MVCFrame.EFDAL", "Drision.MVCFrame.EFDAL\Drision.MVCFrame.EFDAL.csproj", "{29D64444-811D-4821-8B74-A2F4EF953C5A}"
EndProject
Project("{FAE04EC0-301F-11D3-BF4B-00C04F79EFBC}") = "Drision.MVCFrame.IBLL", "Drision.MVCFrame.IBLL\Drision.MVCFrame.IBLL.csproj", "{2DE61AE8-9F6E-46A5-B514-80EE9DB9256C}"
EndProject
Project("{FAE04EC0-301F-11D3-BF4B-00C04F79EFBC}") = "Drision.MVCFrame.Model", "Drision.MVCFrame.Model\Drision.MVCFrame.Model.csproj", "{DEFFDE18-25B2-4D86-80AE-0C2827E332FF}"
EndProject
Global
	GlobalSection(SolutionConfigurationPlatforms) = preSolution
		Debug|Any CPU = Debug|Any CPU
		Release|Any CPU = Release|Any CPU
	EndGlobalSection
	GlobalSection(ProjectConfigurationPlatforms) = postSolution
		{985F5371-FB0A-4D05-A124-65D2760AE63A}.Debug|Any CPU.ActiveCfg = Debug|Any CPU
		{985F5371-FB0A-4D05-A124-65D2760AE63A}.Debug|Any CPU.Build.0 = Debug|Any CPU
		{985F5371-FB0A-4D05-A124-65D2760AE63A}.Release|Any CPU.ActiveCfg = Release|Any CPU
		{985F5371-FB0A-4D05-A124-65D2760AE63A}.Release|Any CPU.Build.0 = Release|Any CPU
		{63F389CB-1B7F-4000-A4DD-5CC0347F4DE2}.Debug|Any CPU.ActiveCfg = Debug|Any CPU
		{63F389CB-1B7F-4000-A4DD-5CC0347F4DE2}.Debug|Any CPU.Build.0 = Debug|Any CPU
		{63F389CB-1B7F-4000-A4DD-5CC0347F4DE2}.Release|Any CPU.ActiveCfg = Release|Any CPU
		{63F389CB-1B7F-4000-A4DD-5CC0347F4DE2}.Release|Any CPU.Build.0 = Release|Any CPU
		{26CB8B13-816D-4718-A13C-E77082E5A9D8}.Debug|Any CPU.ActiveCfg = Debug|Any CPU
		{26CB8B13-816D-4718-A13C-E77082E5A9D8}.Debug|Any CPU.Build.0 = Debug|Any CPU
		{26CB8B13-816D-4718-A13C-E77082E5A9D8}.Release|Any CPU.ActiveCfg = Release|Any CPU
		{26CB8B13-816D-4718-A13C-E77082E5A9D8}.Release|Any CPU.Build.0 = Release|Any CPU
		{163C3CEE-7EAD-4607-8927-EDFC9D9EE87A}.Debug|Any CPU.ActiveCfg = Debug|Any CPU
		{163C3CEE-7EAD-4607-8927-EDFC9D9EE87A}.Debug|Any CPU.Build.0 = Debug|Any CPU
		{163C3CEE-7EAD-4607-8927-EDFC9D9EE87A}.Release|Any CPU.ActiveCfg = Release|Any CPU
		{163C3CEE-7EAD-4607-8927-EDFC9D9EE87A}.Release|Any CPU.Build.0 = Release|Any CPU
		{547BD5B7-AFE7-475E-8737-20CB763D2E55}.Debug|Any CPU.ActiveCfg = Debug|Any CPU
		{547BD5B7-AFE7-475E-8737-20CB763D2E55}.Debug|Any CPU.Build.0 = Debug|Any CPU
		{547BD5B7-AFE7-475E-8737-20CB763D2E55}.Release|Any CPU.ActiveCfg = Release|Any CPU
		{547BD5B7-AFE7-475E-8737-20CB763D2E55}.Release|Any CPU.Build.0 = Release|Any CPU
		{29D64444-811D-4821-8B74-A2F4EF953C5A}.Debug|Any CPU.ActiveCfg = Debug|Any CPU
		{29D64444-811D-4821-8B74-A2F4EF953C5A}.Debug|Any CPU.Build.0 = Debug|Any CPU
		{29D64444-811D-4821-8B74-A2F4EF953C5A}.Release|Any CPU.ActiveCfg = Release|Any CPU
		{29D64444-811D-4821-8B74-A2F4EF953C5A}.Release|Any CPU.Build.0 = Release|Any CPU
		{2DE61AE8-9F6E-46A5-B514-80EE9DB9256C}.Debug|Any CPU.ActiveCfg = Debug|Any CPU
		{2DE61AE8-9F6E-46A5-B514-80EE9DB9256C}.Debug|Any CPU.Build.0 = Debug|Any CPU
		{2DE61AE8-9F6E-46A5-B514-80EE9DB9256C}.Release|Any CPU.ActiveCfg = Release|Any CPU
		{2DE61AE8-9F6E-46A5-B514-80EE9DB9256C}.Release|Any CPU.Build.0 = Release|Any CPU
		{DEFFDE18-25B2-4D86-80AE-0C2827E332FF}.Debug|Any CPU.ActiveCfg = Debug|Any CPU
		{DEFFDE18-25B2-4D86-80AE-0C2827E332FF}.Debug|Any CPU.Build.0 = Debug|Any CPU
		{DEFFDE18-25B2-4D86-80AE-0C2827E332FF}.Release|Any CPU.ActiveCfg = Release|Any CPU
		{DEFFDE18-25B2-4D86-80AE-0C2827E332FF}.Release|Any CPU.Build.0 = Release|Any CPU
	EndGlobalSection
	GlobalSection(SolutionProperties) = preSolution
		HideSolutionNode = FALSE
	EndGlobalSection
	GlobalSection(NestedProjects) = preSolution
		{985F5371-FB0A-4D05-A124-65D2760AE63A} = {9A48804C-00E7-4A60-AAFB-21B099DE1E93}
		{63F389CB-1B7F-4000-A4DD-5CC0347F4DE2} = {9D60985B-6E3C-43A1-93FD-B752C8FC9540}
		{26CB8B13-816D-4718-A13C-E77082E5A9D8} = {BF79CAD0-DADA-44FE-9086-35F64401BD5A}
		{2DE61AE8-9F6E-46A5-B514-80EE9DB9256C} = {BF79CAD0-DADA-44FE-9086-35F64401BD5A}
		{547BD5B7-AFE7-475E-8737-20CB763D2E55} = {BDDE195D-E4D9-4D8F-99A0-C1B483DD0A3F}
		{29D64444-811D-4821-8B74-A2F4EF953C5A} = {BDDE195D-E4D9-4D8F-99A0-C1B483DD0A3F}
		{DEFFDE18-25B2-4D86-80AE-0C2827E332FF} = {F8456C78-4764-4A83-8346-5327E0D4EA34}
		{163C3CEE-7EAD-4607-8927-EDFC9D9EE87A} = {37E90182-B666-4781-864B-3645D3F45EFD}
	EndGlobalSection
EndGlobal
